
Microsoft Visual Studio Solution File, Format Version 12.00
# Visual Studio Version 16
VisualStudioVersion = 16.0.31727.386
MinimumVisualStudioVersion = 10.0.40219.1
Project("{FAE04EC0-301F-11D3-BF4B-00C04F79EFBC}") = "Practica10", "Practica1-Sist. Sensado y Monitoreo\Practica10.csproj", "{AC90B523-62BE-48C9-B7E5-649DE2B146E6}"
EndProject
Global
	GlobalSection(SolutionConfigurationPlatforms) = preSolution
		Debug|Any CPU = Debug|Any CPU
		Release|Any CPU = Release|Any CPU
	EndGlobalSection
	GlobalSection(ProjectConfigurationPlatforms) = postSolution
		{AC90B523-62BE-48C9-B7E5-649DE2B146E6}.Debug|Any CPU.ActiveCfg = Debug|Any CPU
		{AC90B523-62BE-48C9-B7E5-649DE2B146E6}.Debug|Any CPU.Build.0 = Debug|Any CPU
		{AC90B523-62BE-48C9-B7E5-649DE2B146E6}.Release|Any CPU.ActiveCfg = Release|Any CPU
		{AC90B523-62BE-48C9-B7E5-649DE2B146E6}.Release|Any CPU.Build.0 = Release|Any CPU
	EndGlobalSection
	GlobalSection(SolutionProperties) = preSolution
		HideSolutionNode = FALSE
	EndGlobalSection
	GlobalSection(ExtensibilityGlobals) = postSolution
		SolutionGuid = {CAD67ACF-8021-48DD-9499-98D45D66D39F}
	EndGlobalSection
EndGlobal
